
Microsoft Visual Studio Solution File, Format Version 12.00
# Visual Studio Version 16
VisualStudioVersion = 16.0.29306.81
MinimumVisualStudioVersion = 10.0.40219.1
Project("{9A19103F-16F7-4668-BE54-9A1E7A4F7556}") = "LinqToQuerystring", "LinqToQuerystring\LinqToQuerystring.csproj", "{DD6C12F2-B983-47BE-AAFE-79078EEBD610}"
EndProject
Project("{9A19103F-16F7-4668-BE54-9A1E7A4F7556}") = "LinqToQuerystring.Tests", "LinqToQuerystring.Tests\LinqToQuerystring.Tests.csproj", "{01C6E7FF-E46C-4DF9-92FB-106A6BB533CE}"
EndProject
Global
	GlobalSection(SolutionConfigurationPlatforms) = preSolution
		Debug|Any CPU = Debug|Any CPU
		Release|Any CPU = Release|Any CPU
	EndGlobalSection
	GlobalSection(ProjectConfigurationPlatforms) = postSolution
		{DD6C12F2-B983-47BE-AAFE-79078EEBD610}.Debug|Any CPU.ActiveCfg = Debug|Any CPU
		{DD6C12F2-B983-47BE-AAFE-79078EEBD610}.Debug|Any CPU.Build.0 = Debug|Any CPU
		{DD6C12F2-B983-47BE-AAFE-79078EEBD610}.Release|Any CPU.ActiveCfg = Release|Any CPU
		{DD6C12F2-B983-47BE-AAFE-79078EEBD610}.Release|Any CPU.Build.0 = Release|Any CPU
		{01C6E7FF-E46C-4DF9-92FB-106A6BB533CE}.Debug|Any CPU.ActiveCfg = Debug|Any CPU
		{01C6E7FF-E46C-4DF9-92FB-106A6BB533CE}.Debug|Any CPU.Build.0 = Debug|Any CPU
		{01C6E7FF-E46C-4DF9-92FB-106A6BB533CE}.Release|Any CPU.ActiveCfg = Release|Any CPU
		{01C6E7FF-E46C-4DF9-92FB-106A6BB533CE}.Release|Any CPU.Build.0 = Release|Any CPU
	EndGlobalSection
	GlobalSection(SolutionProperties) = preSolution
		HideSolutionNode = FALSE
	EndGlobalSection
	GlobalSection(ExtensibilityGlobals) = postSolution
		SolutionGuid = {267F9D04-6129-4D17-B466-389B418973C6}
	EndGlobalSection
EndGlobal
